
Microsoft Visual Studio Solution File, Format Version 12.00
# Visual Studio Version 17
VisualStudioVersion = 17.8.36129.11
MinimumVisualStudioVersion = 10.0.40219.1
Project("{FAE04EC0-301F-11D3-BF4B-00C04F79EFBC}") = "FactoryPatternDemo", "FactoryPatternDemo\FactoryPatternDemo.csproj", "{8E8C6BC3-39BE-4BD6-BBCB-F0B6E8021E10}"
EndProject
Global
	GlobalSection(SolutionConfigurationPlatforms) = preSolution
		Debug|Any CPU = Debug|Any CPU
		Release|Any CPU = Release|Any CPU
	EndGlobalSection
	GlobalSection(ProjectConfigurationPlatforms) = postSolution
		{8E8C6BC3-39BE-4BD6-BBCB-F0B6E8021E10}.Debug|Any CPU.ActiveCfg = Debug|Any CPU
		{8E8C6BC3-39BE-4BD6-BBCB-F0B6E8021E10}.Debug|Any CPU.Build.0 = Debug|Any CPU
		{8E8C6BC3-39BE-4BD6-BBCB-F0B6E8021E10}.Release|Any CPU.ActiveCfg = Release|Any CPU
		{8E8C6BC3-39BE-4BD6-BBCB-F0B6E8021E10}.Release|Any CPU.Build.0 = Release|Any CPU
	EndGlobalSection
	GlobalSection(SolutionProperties) = preSolution
		HideSolutionNode = FALSE
	EndGlobalSection
	GlobalSection(ExtensibilityGlobals) = postSolution
		SolutionGuid = {DCBAD85C-429A-4822-BDE5-28BB1F1FA46B}
	EndGlobalSection
EndGlobal
